
Microsoft Visual Studio Solution File, Format Version 12.00
# Visual Studio Version 17
VisualStudioVersion = 17.1.32414.318
MinimumVisualStudioVersion = 10.0.40219.1
Project("{9A19103F-16F7-4668-BE54-9A1E7A4F7556}") = "ProductionAccounting", "ProductionAccounting\ProductionAccounting.csproj", "{AE6328A2-F886-4385-A299-8B380F61D099}"
EndProject
Project("{9A19103F-16F7-4668-BE54-9A1E7A4F7556}") = "ProductionAccounting.DAL", "ProductionAccounting.DAL\ProductionAccounting.DAL.csproj", "{E79465C9-90D3-4263-AD09-98C2228A9948}"
EndProject
Project("{9A19103F-16F7-4668-BE54-9A1E7A4F7556}") = "ProductionAccounting.Interfaces", "ProductionAccounting.Interfaces\ProductionAccounting.Interfaces.csproj", "{46374C6A-9613-4BA5-AD17-E2A23B232C6C}"
EndProject
Project("{54435603-DBB4-11D2-8724-00A0C9A8B90C}") = "Setup", "Setup\Setup.vdproj", "{0DC850FD-7D25-4F0B-A8E0-9A72461CFB36}"
EndProject
Global
	GlobalSection(SolutionConfigurationPlatforms) = preSolution
		Debug|Any CPU = Debug|Any CPU
		Release|Any CPU = Release|Any CPU
	EndGlobalSection
	GlobalSection(ProjectConfigurationPlatforms) = postSolution
		{AE6328A2-F886-4385-A299-8B380F61D099}.Debug|Any CPU.ActiveCfg = Debug|Any CPU
		{AE6328A2-F886-4385-A299-8B380F61D099}.Debug|Any CPU.Build.0 = Debug|Any CPU
		{AE6328A2-F886-4385-A299-8B380F61D099}.Release|Any CPU.ActiveCfg = Release|Any CPU
		{AE6328A2-F886-4385-A299-8B380F61D099}.Release|Any CPU.Build.0 = Release|Any CPU
		{E79465C9-90D3-4263-AD09-98C2228A9948}.Debug|Any CPU.ActiveCfg = Debug|Any CPU
		{E79465C9-90D3-4263-AD09-98C2228A9948}.Debug|Any CPU.Build.0 = Debug|Any CPU
		{E79465C9-90D3-4263-AD09-98C2228A9948}.Release|Any CPU.ActiveCfg = Release|Any CPU
		{E79465C9-90D3-4263-AD09-98C2228A9948}.Release|Any CPU.Build.0 = Release|Any CPU
		{46374C6A-9613-4BA5-AD17-E2A23B232C6C}.Debug|Any CPU.ActiveCfg = Debug|Any CPU
		{46374C6A-9613-4BA5-AD17-E2A23B232C6C}.Debug|Any CPU.Build.0 = Debug|Any CPU
		{46374C6A-9613-4BA5-AD17-E2A23B232C6C}.Release|Any CPU.ActiveCfg = Release|Any CPU
		{46374C6A-9613-4BA5-AD17-E2A23B232C6C}.Release|Any CPU.Build.0 = Release|Any CPU
		{0DC850FD-7D25-4F0B-A8E0-9A72461CFB36}.Debug|Any CPU.ActiveCfg = Debug
		{0DC850FD-7D25-4F0B-A8E0-9A72461CFB36}.Release|Any CPU.ActiveCfg = Release
	EndGlobalSection
	GlobalSection(SolutionProperties) = preSolution
		HideSolutionNode = FALSE
	EndGlobalSection
	GlobalSection(ExtensibilityGlobals) = postSolution
		SolutionGuid = {DB296BB7-13A2-485D-B616-35E008820C16}
	EndGlobalSection
EndGlobal
